
Microsoft Visual Studio Solution File, Format Version 12.00
# Visual Studio 15
VisualStudioVersion = 15.0.28307.539
MinimumVisualStudioVersion = 10.0.40219.1
Project("{FAE04EC0-301F-11D3-BF4B-00C04F79EFBC}") = "t4template", "t4template.csproj", "{A0A8D4D5-76C6-41A8-BBAC-0D40CE0415AE}"
EndProject
Global
	GlobalSection(SolutionConfigurationPlatforms) = preSolution
		Debug|Any CPU = Debug|Any CPU
		Release|Any CPU = Release|Any CPU
	EndGlobalSection
	GlobalSection(ProjectConfigurationPlatforms) = postSolution
		{A0A8D4D5-76C6-41A8-BBAC-0D40CE0415AE}.Debug|Any CPU.ActiveCfg = Debug|Any CPU
		{A0A8D4D5-76C6-41A8-BBAC-0D40CE0415AE}.Debug|Any CPU.Build.0 = Debug|Any CPU
		{A0A8D4D5-76C6-41A8-BBAC-0D40CE0415AE}.Release|Any CPU.ActiveCfg = Release|Any CPU
		{A0A8D4D5-76C6-41A8-BBAC-0D40CE0415AE}.Release|Any CPU.Build.0 = Release|Any CPU
	EndGlobalSection
	GlobalSection(SolutionProperties) = preSolution
		HideSolutionNode = FALSE
	EndGlobalSection
	GlobalSection(ExtensibilityGlobals) = postSolution
		SolutionGuid = {48F1A450-37E0-4776-9ABA-B821978F4361}
	EndGlobalSection
EndGlobal
