
Microsoft Visual Studio Solution File, Format Version 12.00
# Visual Studio 15
VisualStudioVersion = 15.0.28307.539
MinimumVisualStudioVersion = 10.0.40219.1
Project("{FAE04EC0-301F-11D3-BF4B-00C04F79EFBC}") = "CodeCompileNetCore", "CodeCompileNetCore\CodeCompileNetCore.csproj", "{9AAB2ECA-510F-4690-8740-10B6FFFBE53B}"
EndProject
Global
	GlobalSection(SolutionConfigurationPlatforms) = preSolution
		Debug|Any CPU = Debug|Any CPU
		Release|Any CPU = Release|Any CPU
	EndGlobalSection
	GlobalSection(ProjectConfigurationPlatforms) = postSolution
		{9AAB2ECA-510F-4690-8740-10B6FFFBE53B}.Debug|Any CPU.ActiveCfg = Debug|Any CPU
		{9AAB2ECA-510F-4690-8740-10B6FFFBE53B}.Debug|Any CPU.Build.0 = Debug|Any CPU
		{9AAB2ECA-510F-4690-8740-10B6FFFBE53B}.Release|Any CPU.ActiveCfg = Release|Any CPU
		{9AAB2ECA-510F-4690-8740-10B6FFFBE53B}.Release|Any CPU.Build.0 = Release|Any CPU
	EndGlobalSection
	GlobalSection(SolutionProperties) = preSolution
		HideSolutionNode = FALSE
	EndGlobalSection
	GlobalSection(ExtensibilityGlobals) = postSolution
		SolutionGuid = {83F726E6-74D1-4B12-BE8E-11D485FE4C14}
	EndGlobalSection
EndGlobal
